# THIS IS AN AUTOGENERATED FILE. DO NOT EDIT THIS FILE DIRECTLY.
# yarn lockfile v1


react-hook-form@^7.49.0:
  version "7.49.0"
  resolved "https://registry.yarnpkg.com/react-hook-form/-/react-hook-form-7.49.0.tgz#9a91edfba6b6983d4b443653a9b225a780a42b3e"
  integrity sha512-gf4qyY4WiqK2hP/E45UUT6wt3Khl49pleEVcIzxhLBrD6m+GMWtLRk0vMrRv45D1ZH8PnpXFwRPv0Pewske2jw==
